# This file is automatically @generated by Cargo.
# It is not intended for manual editing.
version = 4

[[package]]
name = "auth-server"
version = "0.1.0"

[[package]]
name = "libbitdemon"
version = "0.1.0"

[[package]]
name = "lobby-server"
version = "0.1.0"

[[package]]
name = "service-anti-cheat"
version = "0.1.0"

[[package]]
name = "service-bandwidth"
version = "0.1.0"

[[package]]
name = "service-content-streaming"
version = "0.1.0"

[[package]]
name = "service-counter"
version = "0.1.0"

[[package]]
name = "service-dml"
version = "0.1.0"

[[package]]
name = "service-event-log"
version = "0.1.0"

[[package]]
name = "service-facebook"
version = "0.1.0"

[[package]]
name = "service-friends"
version = "0.1.0"

[[package]]
name = "service-group"
version = "0.1.0"

[[package]]
name = "service-key-archive"
version = "0.1.0"

[[package]]
name = "service-league"
version = "0.1.0"

[[package]]
name = "service-link-code"
version = "0.1.0"

[[package]]
name = "service-mail"
version = "0.1.0"

[[package]]
name = "service-matchmaking"
version = "0.1.0"

[[package]]
name = "service-messaging"
version = "0.1.0"

[[package]]
name = "service-pooled-storage"
version = "0.1.0"

[[package]]
name = "service-profiles"
version = "0.1.0"

[[package]]
name = "service-rich-presence"
version = "0.1.0"

[[package]]
name = "service-stats"
version = "0.1.0"

[[package]]
name = "service-storage"
version = "0.1.0"

[[package]]
name = "service-subscription"
version = "0.1.0"

[[package]]
name = "service-tags"
version = "0.1.0"

[[package]]
name = "service-teams"
version = "0.1.0"

[[package]]
name = "service-title-utilities"
version = "0.1.0"

[[package]]
name = "service-twitch"
version = "0.1.0"

[[package]]
name = "service-twitter"
version = "0.1.0"

[[package]]
name = "service-vote-rank"
version = "0.1.0"

[[package]]
name = "service-youtube"
version = "0.1.0"
